
Microsoft Visual Studio Solution File, Format Version 12.00
# Visual Studio Version 17
VisualStudioVersion = 17.12.35527.113
MinimumVisualStudioVersion = 10.0.40219.1
Project("{2150E333-8FDC-42A3-9474-1A3956D46DE8}") = "src", "src", "{B5A8469D-C4BB-4808-8E44-FF4DFCA57BDE}"
EndProject
Project("{FAE04EC0-301F-11D3-BF4B-00C04F79EFBC}") = "HelloBlazorServer", "src\HelloBlazorServer\HelloBlazorServer.csproj", "{D347CCA4-0F31-415A-86EB-8C85C645AD22}"
EndProject
Project("{2150E333-8FDC-42A3-9474-1A3956D46DE8}") = "_", "_", "{ED07515D-6CBC-467C-9F84-831DB897A888}"
	ProjectSection(SolutionItems) = preProject
		docker-compose.yml = docker-compose.yml
		Dockerfile = Dockerfile
		README.md = README.md
	EndProjectSection
EndProject
Global
	GlobalSection(SolutionConfigurationPlatforms) = preSolution
		Debug|Any CPU = Debug|Any CPU
		Release|Any CPU = Release|Any CPU
	EndGlobalSection
	GlobalSection(ProjectConfigurationPlatforms) = postSolution
		{D347CCA4-0F31-415A-86EB-8C85C645AD22}.Debug|Any CPU.ActiveCfg = Debug|Any CPU
		{D347CCA4-0F31-415A-86EB-8C85C645AD22}.Debug|Any CPU.Build.0 = Debug|Any CPU
		{D347CCA4-0F31-415A-86EB-8C85C645AD22}.Release|Any CPU.ActiveCfg = Release|Any CPU
		{D347CCA4-0F31-415A-86EB-8C85C645AD22}.Release|Any CPU.Build.0 = Release|Any CPU
	EndGlobalSection
	GlobalSection(SolutionProperties) = preSolution
		HideSolutionNode = FALSE
	EndGlobalSection
	GlobalSection(NestedProjects) = preSolution
		{D347CCA4-0F31-415A-86EB-8C85C645AD22} = {B5A8469D-C4BB-4808-8E44-FF4DFCA57BDE}
	EndGlobalSection
EndGlobal
